
Microsoft Visual Studio Solution File, Format Version 12.00
# Visual Studio Version 16
VisualStudioVersion = 25.0.1704.0
MinimumVisualStudioVersion = 10.0.40219.1
Project("{FAE04EC0-301F-11D3-BF4B-00C04F79EFBC}") = "OpenAPP", "src\OpenAPP.csproj", "{70D3539B-2794-4AD5-B2B2-9C0B776B5D0F}"
EndProject
Global
	GlobalSection(SolutionConfigurationPlatforms) = preSolution
		Debug|Any CPU = Debug|Any CPU
		Release|Any CPU = Release|Any CPU
	EndGlobalSection
	GlobalSection(ProjectConfigurationPlatforms) = postSolution
		{F20497E4-9E4A-4A3B-871B-7F2AE11CD024}.Debug|Any CPU.ActiveCfg = Debug|Any CPU
		{F20497E4-9E4A-4A3B-871B-7F2AE11CD024}.Debug|Any CPU.Build.0 = Debug|Any CPU
		{F20497E4-9E4A-4A3B-871B-7F2AE11CD024}.Release|Any CPU.ActiveCfg = Release|Any CPU
		{F20497E4-9E4A-4A3B-871B-7F2AE11CD024}.Release|Any CPU.Build.0 = Release|Any CPU
		{70D3539B-2794-4AD5-B2B2-9C0B776B5D0F}.Debug|Any CPU.ActiveCfg = Debug|Any CPU
		{70D3539B-2794-4AD5-B2B2-9C0B776B5D0F}.Debug|Any CPU.Build.0 = Debug|Any CPU
		{70D3539B-2794-4AD5-B2B2-9C0B776B5D0F}.Release|Any CPU.ActiveCfg = Release|Any CPU
		{70D3539B-2794-4AD5-B2B2-9C0B776B5D0F}.Release|Any CPU.Build.0 = Release|Any CPU
	EndGlobalSection
	GlobalSection(SolutionProperties) = preSolution
		HideSolutionNode = FALSE
	EndGlobalSection
	GlobalSection(ExtensibilityGlobals) = postSolution
		SolutionGuid = {C986CA9C-8E3F-4064-BEE5-D03E2E9F3E09}
	EndGlobalSection
	GlobalSection(MonoDevelopProperties) = preSolution
		Policies = $0
		$0.StandardHeader = $1
	EndGlobalSection
EndGlobal
